
Microsoft Visual Studio Solution File, Format Version 12.00
# Visual Studio Version 17
VisualStudioVersion = 17.3.32901.215
MinimumVisualStudioVersion = 10.0.40219.1
Project("{FAE04EC0-301F-11D3-BF4B-00C04F79EFBC}") = "Практическая 7", "Практическая 7\Практическая 7.csproj", "{BD1D492D-9044-4939-A74C-FBE1866B3015}"
EndProject
Global
	GlobalSection(SolutionConfigurationPlatforms) = preSolution
		Debug|Any CPU = Debug|Any CPU
		Release|Any CPU = Release|Any CPU
	EndGlobalSection
	GlobalSection(ProjectConfigurationPlatforms) = postSolution
		{BD1D492D-9044-4939-A74C-FBE1866B3015}.Debug|Any CPU.ActiveCfg = Debug|Any CPU
		{BD1D492D-9044-4939-A74C-FBE1866B3015}.Debug|Any CPU.Build.0 = Debug|Any CPU
		{BD1D492D-9044-4939-A74C-FBE1866B3015}.Release|Any CPU.ActiveCfg = Release|Any CPU
		{BD1D492D-9044-4939-A74C-FBE1866B3015}.Release|Any CPU.Build.0 = Release|Any CPU
	EndGlobalSection
	GlobalSection(SolutionProperties) = preSolution
		HideSolutionNode = FALSE
	EndGlobalSection
	GlobalSection(ExtensibilityGlobals) = postSolution
		SolutionGuid = {E208B7C8-ED84-445C-BE3F-4F379BAD3A12}
	EndGlobalSection
EndGlobal
